// !$*UTF8*$!
{
	archiveVersion = 1;
	classes = {
	};
	objectVersion = 55;
	objects = {

/* Begin PBXBuildFile section */
		288CE6CF2998A7EF006E2FE8 /* AppDelegate.swift in Sources */ = {isa = PBXBuildFile; fileRef = 288CE6CE2998A7EF006E2FE8 /* AppDelegate.swift */; };
		288CE6D12998A7EF006E2FE8 /* SceneDelegate.swift in Sources */ = {isa = PBXBuildFile; fileRef = 288CE6D02998A7EF006E2FE8 /* SceneDelegate.swift */; };
		288CE6D32998A7EF006E2FE8 /* CoctailsMenuViewController.swift in Sources */ = {isa = PBXBuildFile; fileRef = 288CE6D22998A7EF006E2FE8 /* CoctailsMenuViewController.swift */; };
		288CE6D82998A7F1006E2FE8 /* Assets.xcassets in Resources */ = {isa = PBXBuildFile; fileRef = 288CE6D72998A7F1006E2FE8 /* Assets.xcassets */; };
		288CE6DB2998A7F1006E2FE8 /* LaunchScreen.storyboard in Resources */ = {isa = PBXBuildFile; fileRef = 288CE6D92998A7F1006E2FE8 /* LaunchScreen.storyboard */; };
		288CE6E52998A95B006E2FE8 /* CocktailsTabBarController.swift in Sources */ = {isa = PBXBuildFile; fileRef = 288CE6E42998A95B006E2FE8 /* CocktailsTabBarController.swift */; };
		288CE6E72998A9DF006E2FE8 /* ProfileViewController.swift in Sources */ = {isa = PBXBuildFile; fileRef = 288CE6E62998A9DF006E2FE8 /* ProfileViewController.swift */; };
		288CE6E92998A9FF006E2FE8 /* ChoosedCocktailViewController.swift in Sources */ = {isa = PBXBuildFile; fileRef = 288CE6E82998A9FF006E2FE8 /* ChoosedCocktailViewController.swift */; };
		288CE6EB2998AAC1006E2FE8 /* MenuCollectionViewCell.swift in Sources */ = {isa = PBXBuildFile; fileRef = 288CE6EA2998AAC1006E2FE8 /* MenuCollectionViewCell.swift */; };
		288CE6ED2998AAF6006E2FE8 /* DrinksDTO.swift in Sources */ = {isa = PBXBuildFile; fileRef = 288CE6EC2998AAF6006E2FE8 /* DrinksDTO.swift */; };
		288CE6EF2998AB52006E2FE8 /* NetworkManager.swift in Sources */ = {isa = PBXBuildFile; fileRef = 288CE6EE2998AB52006E2FE8 /* NetworkManager.swift */; };
		288CE6F12998ABAB006E2FE8 /* ReviewCustomView.swift in Sources */ = {isa = PBXBuildFile; fileRef = 288CE6F02998ABAB006E2FE8 /* ReviewCustomView.swift */; };
		288CE6F32998ABC3006E2FE8 /* RatingCustomView.swift in Sources */ = {isa = PBXBuildFile; fileRef = 288CE6F22998ABC3006E2FE8 /* RatingCustomView.swift */; };
		28C4AE822998EDAD008299C3 /* AddProductCustomButton.swift in Sources */ = {isa = PBXBuildFile; fileRef = 28C4AE812998EDAD008299C3 /* AddProductCustomButton.swift */; };
		28C4AE8929991180008299C3 /* CoctailsMenuViewModel.swift in Sources */ = {isa = PBXBuildFile; fileRef = 28C4AE8829991180008299C3 /* CoctailsMenuViewModel.swift */; };
		28C4AE8C299911A2008299C3 /* ProfileViewModel.swift in Sources */ = {isa = PBXBuildFile; fileRef = 28C4AE8B299911A2008299C3 /* ProfileViewModel.swift */; };
		28C4AE8F299911EA008299C3 /* CoctailsViewModel.swift in Sources */ = {isa = PBXBuildFile; fileRef = 28C4AE8E299911EA008299C3 /* CoctailsViewModel.swift */; };
		97CBEA007A42FE89574D9F6F /* Pods_CoctailsApp.framework in Frameworks */ = {isa = PBXBuildFile; fileRef = F6CDF999D2F8E8F3015646B3 /* Pods_CoctailsApp.framework */; };
		D42D24C629A1CDB800008A81 /* UserDefaultManager.swift in Sources */ = {isa = PBXBuildFile; fileRef = D42D24C529A1CDB800008A81 /* UserDefaultManager.swift */; };
		D42D24CB29A3900E00008A81 /* UIImageResize.swift in Sources */ = {isa = PBXBuildFile; fileRef = D42D24CA29A3900E00008A81 /* UIImageResize.swift */; };
		D4972B5729A5A4C500E95BD6 /* AddNumberViewController.swift in Sources */ = {isa = PBXBuildFile; fileRef = D4972B5629A5A4C500E95BD6 /* AddNumberViewController.swift */; };
		D4972B5929A5BD0D00E95BD6 /* UserInfoDTO.swift in Sources */ = {isa = PBXBuildFile; fileRef = D4972B5829A5BD0D00E95BD6 /* UserInfoDTO.swift */; };
		D49A35C3299DE2E800436BFF /* UIIColor.swift in Sources */ = {isa = PBXBuildFile; fileRef = D49A35C2299DE2E800436BFF /* UIIColor.swift */; };
		D49A3EAF29A13CCA00BF2DA8 /* AuthServiceViewController.swift in Sources */ = {isa = PBXBuildFile; fileRef = D49A3EAE29A13CCA00BF2DA8 /* AuthServiceViewController.swift */; };
		D49AD24429A3E1CC00FE7FCC /* GoogleService-Info.plist in Resources */ = {isa = PBXBuildFile; fileRef = D49AD24329A3E1CC00FE7FCC /* GoogleService-Info.plist */; };
		D49B7A2B29A7B00300AFA3BA /* ChoosedForBasketDTO.swift in Sources */ = {isa = PBXBuildFile; fileRef = D49B7A2A29A7B00300AFA3BA /* ChoosedForBasketDTO.swift */; };
		D49B7A4129A8335600AFA3BA /* BasketChoosedModel.swift in Sources */ = {isa = PBXBuildFile; fileRef = D49B7A4029A8335600AFA3BA /* BasketChoosedModel.swift */; };
		D49B7A4329A8337D00AFA3BA /* BasketChoosedViewController.swift in Sources */ = {isa = PBXBuildFile; fileRef = D49B7A4229A8337D00AFA3BA /* BasketChoosedViewController.swift */; };
		D49B7A4529A8339300AFA3BA /* BaskedChoosedTableViewCell.swift in Sources */ = {isa = PBXBuildFile; fileRef = D49B7A4429A8339300AFA3BA /* BaskedChoosedTableViewCell.swift */; };
		D49B7A4729A833F000AFA3BA /* BasketChShoppingViewController.swift in Sources */ = {isa = PBXBuildFile; fileRef = D49B7A4629A833F000AFA3BA /* BasketChShoppingViewController.swift */; };
		D49B7A4929A8341000AFA3BA /* BasketChShoppingCell.swift in Sources */ = {isa = PBXBuildFile; fileRef = D49B7A4829A8341000AFA3BA /* BasketChShoppingCell.swift */; };
		D49B7A4B29A8342100AFA3BA /* BasketChPriceLabel.swift in Sources */ = {isa = PBXBuildFile; fileRef = D49B7A4A29A8342000AFA3BA /* BasketChPriceLabel.swift */; };
		D49C538329A7221C005C6E09 /* BasketViewController.swift in Sources */ = {isa = PBXBuildFile; fileRef = D49C538229A7221C005C6E09 /* BasketViewController.swift */; };
		D49C538629A727F8005C6E09 /* StepperView.swift in Sources */ = {isa = PBXBuildFile; fileRef = D49C538529A727F8005C6E09 /* StepperView.swift */; };
		D49DFF7A29A754CB00CF65A4 /* AuthorizedProfileVC.swift in Sources */ = {isa = PBXBuildFile; fileRef = D49DFF7929A754CB00CF65A4 /* AuthorizedProfileVC.swift */; };
		D49DFF7E29A75B4900CF65A4 /* BasketCollectionViewCell.swift in Sources */ = {isa = PBXBuildFile; fileRef = D49DFF7D29A75B4900CF65A4 /* BasketCollectionViewCell.swift */; };
		D49EA2FC29A4698F007C450A /* KeyChainManager.swift in Sources */ = {isa = PBXBuildFile; fileRef = D49EA2FB29A4698F007C450A /* KeyChainManager.swift */; };
		D49EA2FE29A46AA0007C450A /* View+Extension.swift in Sources */ = {isa = PBXBuildFile; fileRef = D49EA2FD29A46AA0007C450A /* View+Extension.swift */; };
		D49EA30129A476B8007C450A /* Constants.swift in Sources */ = {isa = PBXBuildFile; fileRef = D49EA30029A476B8007C450A /* Constants.swift */; };
		D49EA30329A48B56007C450A /* AuthManager.swift in Sources */ = {isa = PBXBuildFile; fileRef = D49EA30229A48B56007C450A /* AuthManager.swift */; };
		D49EA30629A5326E007C450A /* DatabaseManager.swift in Sources */ = {isa = PBXBuildFile; fileRef = D49EA30529A5326E007C450A /* DatabaseManager.swift */; };
		D4A866FB29A900FF009BC639 /* CocktailsDataModel.xcdatamodeld in Sources */ = {isa = PBXBuildFile; fileRef = D4A866F929A900FF009BC639 /* CocktailsDataModel.xcdatamodeld */; };
		D4A8670229A90605009BC639 /* Cocktails+CoreDataClass.swift in Sources */ = {isa = PBXBuildFile; fileRef = D4A8670029A90605009BC639 /* Cocktails+CoreDataClass.swift */; };
		D4A8670329A90605009BC639 /* Cocktails+CoreDataProperties.swift in Sources */ = {isa = PBXBuildFile; fileRef = D4A8670129A90605009BC639 /* Cocktails+CoreDataProperties.swift */; };
		D4A8670529A90898009BC639 /* CoreDataStack.swift in Sources */ = {isa = PBXBuildFile; fileRef = D4A8670429A90898009BC639 /* CoreDataStack.swift */; };
/* End PBXBuildFile section */

/* Begin PBXFileReference section */
		288CE6CB2998A7EF006E2FE8 /* CoctailsApp.app */ = {isa = PBXFileReference; explicitFileType = wrapper.application; includeInIndex = 0; path = CoctailsApp.app; sourceTree = BUILT_PRODUCTS_DIR; };
		288CE6CE2998A7EF006E2FE8 /* AppDelegate.swift */ = {isa = PBXFileReference; lastKnownFileType = sourcecode.swift; path = AppDelegate.swift; sourceTree = "<group>"; };
		288CE6D02998A7EF006E2FE8 /* SceneDelegate.swift */ = {isa = PBXFileReference; lastKnownFileType = sourcecode.swift; path = SceneDelegate.swift; sourceTree = "<group>"; };
		288CE6D22998A7EF006E2FE8 /* CoctailsMenuViewController.swift */ = {isa = PBXFileReference; lastKnownFileType = sourcecode.swift; path = CoctailsMenuViewController.swift; sourceTree = "<group>"; };
		288CE6D72998A7F1006E2FE8 /* Assets.xcassets */ = {isa = PBXFileReference; lastKnownFileType = folder.assetcatalog; path = Assets.xcassets; sourceTree = "<group>"; };
		288CE6DA2998A7F1006E2FE8 /* Base */ = {isa = PBXFileReference; lastKnownFileType = file.storyboard; name = Base; path = Base.lproj/LaunchScreen.storyboard; sourceTree = "<group>"; };
		288CE6DC2998A7F1006E2FE8 /* Info.plist */ = {isa = PBXFileReference; lastKnownFileType = text.plist.xml; path = Info.plist; sourceTree = "<group>"; };
		288CE6E42998A95B006E2FE8 /* CocktailsTabBarController.swift */ = {isa = PBXFileReference; lastKnownFileType = sourcecode.swift; path = CocktailsTabBarController.swift; sourceTree = "<group>"; };
		288CE6E62998A9DF006E2FE8 /* ProfileViewController.swift */ = {isa = PBXFileReference; lastKnownFileType = sourcecode.swift; path = ProfileViewController.swift; sourceTree = "<group>"; };
		288CE6E82998A9FF006E2FE8 /* ChoosedCocktailViewController.swift */ = {isa = PBXFileReference; lastKnownFileType = sourcecode.swift; path = ChoosedCocktailViewController.swift; sourceTree = "<group>"; };
		288CE6EA2998AAC1006E2FE8 /* MenuCollectionViewCell.swift */ = {isa = PBXFileReference; lastKnownFileType = sourcecode.swift; name = MenuCollectionViewCell.swift; path = "../New Group/MenuCollectionViewCell.swift"; sourceTree = "<group>"; };
		288CE6EC2998AAF6006E2FE8 /* DrinksDTO.swift */ = {isa = PBXFileReference; lastKnownFileType = sourcecode.swift; path = DrinksDTO.swift; sourceTree = "<group>"; };
		288CE6EE2998AB52006E2FE8 /* NetworkManager.swift */ = {isa = PBXFileReference; lastKnownFileType = sourcecode.swift; path = NetworkManager.swift; sourceTree = "<group>"; };
		288CE6F02998ABAB006E2FE8 /* ReviewCustomView.swift */ = {isa = PBXFileReference; lastKnownFileType = sourcecode.swift; path = ReviewCustomView.swift; sourceTree = "<group>"; };
		288CE6F22998ABC3006E2FE8 /* RatingCustomView.swift */ = {isa = PBXFileReference; lastKnownFileType = sourcecode.swift; path = RatingCustomView.swift; sourceTree = "<group>"; };
		28C4AE812998EDAD008299C3 /* AddProductCustomButton.swift */ = {isa = PBXFileReference; lastKnownFileType = sourcecode.swift; path = AddProductCustomButton.swift; sourceTree = "<group>"; };
		28C4AE8829991180008299C3 /* CoctailsMenuViewModel.swift */ = {isa = PBXFileReference; lastKnownFileType = sourcecode.swift; path = CoctailsMenuViewModel.swift; sourceTree = "<group>"; };
		28C4AE8B299911A2008299C3 /* ProfileViewModel.swift */ = {isa = PBXFileReference; lastKnownFileType = sourcecode.swift; path = ProfileViewModel.swift; sourceTree = "<group>"; };
		28C4AE8E299911EA008299C3 /* CoctailsViewModel.swift */ = {isa = PBXFileReference; lastKnownFileType = sourcecode.swift; path = CoctailsViewModel.swift; sourceTree = "<group>"; };
		554590F3EB0B8068FFB0FE7E /* Pods-CoctailsApp.release.xcconfig */ = {isa = PBXFileReference; includeInIndex = 1; lastKnownFileType = text.xcconfig; name = "Pods-CoctailsApp.release.xcconfig"; path = "Target Support Files/Pods-CoctailsApp/Pods-CoctailsApp.release.xcconfig"; sourceTree = "<group>"; };
		D3ADBEC4314104752136CBB9 /* Pods-CoctailsApp.debug.xcconfig */ = {isa = PBXFileReference; includeInIndex = 1; lastKnownFileType = text.xcconfig; name = "Pods-CoctailsApp.debug.xcconfig"; path = "Target Support Files/Pods-CoctailsApp/Pods-CoctailsApp.debug.xcconfig"; sourceTree = "<group>"; };
		D42D24C529A1CDB800008A81 /* UserDefaultManager.swift */ = {isa = PBXFileReference; lastKnownFileType = sourcecode.swift; path = UserDefaultManager.swift; sourceTree = "<group>"; };
		D42D24CA29A3900E00008A81 /* UIImageResize.swift */ = {isa = PBXFileReference; lastKnownFileType = sourcecode.swift; path = UIImageResize.swift; sourceTree = "<group>"; };
		D4972B5629A5A4C500E95BD6 /* AddNumberViewController.swift */ = {isa = PBXFileReference; lastKnownFileType = sourcecode.swift; path = AddNumberViewController.swift; sourceTree = "<group>"; };
		D4972B5829A5BD0D00E95BD6 /* UserInfoDTO.swift */ = {isa = PBXFileReference; lastKnownFileType = sourcecode.swift; path = UserInfoDTO.swift; sourceTree = "<group>"; };
		D49A35C2299DE2E800436BFF /* UIIColor.swift */ = {isa = PBXFileReference; lastKnownFileType = sourcecode.swift; path = UIIColor.swift; sourceTree = "<group>"; };
		D49A3EAE29A13CCA00BF2DA8 /* AuthServiceViewController.swift */ = {isa = PBXFileReference; lastKnownFileType = sourcecode.swift; path = AuthServiceViewController.swift; sourceTree = "<group>"; };
		D49AD24329A3E1CC00FE7FCC /* GoogleService-Info.plist */ = {isa = PBXFileReference; fileEncoding = 4; lastKnownFileType = text.plist.xml; path = "GoogleService-Info.plist"; sourceTree = "<group>"; };
		D49B7A2A29A7B00300AFA3BA /* ChoosedForBasketDTO.swift */ = {isa = PBXFileReference; lastKnownFileType = sourcecode.swift; path = ChoosedForBasketDTO.swift; sourceTree = "<group>"; };
		D49B7A4029A8335600AFA3BA /* BasketChoosedModel.swift */ = {isa = PBXFileReference; lastKnownFileType = sourcecode.swift; path = BasketChoosedModel.swift; sourceTree = "<group>"; };
		D49B7A4229A8337D00AFA3BA /* BasketChoosedViewController.swift */ = {isa = PBXFileReference; lastKnownFileType = sourcecode.swift; path = BasketChoosedViewController.swift; sourceTree = "<group>"; };
		D49B7A4429A8339300AFA3BA /* BaskedChoosedTableViewCell.swift */ = {isa = PBXFileReference; lastKnownFileType = sourcecode.swift; path = BaskedChoosedTableViewCell.swift; sourceTree = "<group>"; };
		D49B7A4629A833F000AFA3BA /* BasketChShoppingViewController.swift */ = {isa = PBXFileReference; lastKnownFileType = sourcecode.swift; path = BasketChShoppingViewController.swift; sourceTree = "<group>"; };
		D49B7A4829A8341000AFA3BA /* BasketChShoppingCell.swift */ = {isa = PBXFileReference; lastKnownFileType = sourcecode.swift; path = BasketChShoppingCell.swift; sourceTree = "<group>"; };
		D49B7A4A29A8342000AFA3BA /* BasketChPriceLabel.swift */ = {isa = PBXFileReference; lastKnownFileType = sourcecode.swift; path = BasketChPriceLabel.swift; sourceTree = "<group>"; };
		D49C538229A7221C005C6E09 /* BasketViewController.swift */ = {isa = PBXFileReference; lastKnownFileType = sourcecode.swift; name = BasketViewController.swift; path = "../New Group/BasketViewController.swift"; sourceTree = "<group>"; };
		D49C538529A727F8005C6E09 /* StepperView.swift */ = {isa = PBXFileReference; lastKnownFileType = sourcecode.swift; path = StepperView.swift; sourceTree = "<group>"; };
		D49DFF7929A754CB00CF65A4 /* AuthorizedProfileVC.swift */ = {isa = PBXFileReference; lastKnownFileType = sourcecode.swift; path = AuthorizedProfileVC.swift; sourceTree = "<group>"; };
		D49DFF7D29A75B4900CF65A4 /* BasketCollectionViewCell.swift */ = {isa = PBXFileReference; lastKnownFileType = sourcecode.swift; path = BasketCollectionViewCell.swift; sourceTree = "<group>"; };
		D49EA2FB29A4698F007C450A /* KeyChainManager.swift */ = {isa = PBXFileReference; lastKnownFileType = sourcecode.swift; path = KeyChainManager.swift; sourceTree = "<group>"; };
		D49EA2FD29A46AA0007C450A /* View+Extension.swift */ = {isa = PBXFileReference; lastKnownFileType = sourcecode.swift; path = "View+Extension.swift"; sourceTree = "<group>"; };
		D49EA30029A476B8007C450A /* Constants.swift */ = {isa = PBXFileReference; lastKnownFileType = sourcecode.swift; path = Constants.swift; sourceTree = "<group>"; };
		D49EA30229A48B56007C450A /* AuthManager.swift */ = {isa = PBXFileReference; lastKnownFileType = sourcecode.swift; path = AuthManager.swift; sourceTree = "<group>"; };
		D49EA30529A5326E007C450A /* DatabaseManager.swift */ = {isa = PBXFileReference; lastKnownFileType = sourcecode.swift; path = DatabaseManager.swift; sourceTree = "<group>"; };
		D4A866FA29A900FF009BC639 /* CocktailsDataModel.xcdatamodel */ = {isa = PBXFileReference; lastKnownFileType = wrapper.xcdatamodel; path = CocktailsDataModel.xcdatamodel; sourceTree = "<group>"; };
		D4A8670029A90605009BC639 /* Cocktails+CoreDataClass.swift */ = {isa = PBXFileReference; lastKnownFileType = sourcecode.swift; path = "Cocktails+CoreDataClass.swift"; sourceTree = SOURCE_ROOT; };
		D4A8670129A90605009BC639 /* Cocktails+CoreDataProperties.swift */ = {isa = PBXFileReference; lastKnownFileType = sourcecode.swift; path = "Cocktails+CoreDataProperties.swift"; sourceTree = SOURCE_ROOT; };
		D4A8670429A90898009BC639 /* CoreDataStack.swift */ = {isa = PBXFileReference; lastKnownFileType = sourcecode.swift; path = CoreDataStack.swift; sourceTree = "<group>"; };
		F6CDF999D2F8E8F3015646B3 /* Pods_CoctailsApp.framework */ = {isa = PBXFileReference; explicitFileType = wrapper.framework; includeInIndex = 0; path = Pods_CoctailsApp.framework; sourceTree = BUILT_PRODUCTS_DIR; };
/* End PBXFileReference section */

/* Begin PBXFrameworksBuildPhase section */
		288CE6C82998A7EF006E2FE8 /* Frameworks */ = {
			isa = PBXFrameworksBuildPhase;
			buildActionMask = 2147483647;
			files = (
				97CBEA007A42FE89574D9F6F /* Pods_CoctailsApp.framework in Frameworks */,
			);
			runOnlyForDeploymentPostprocessing = 0;
		};
/* End PBXFrameworksBuildPhase section */

/* Begin PBXGroup section */
		288CE6C22998A7EF006E2FE8 = {
			isa = PBXGroup;
			children = (
				288CE6CD2998A7EF006E2FE8 /* CoctailsApp */,
				288CE6CC2998A7EF006E2FE8 /* Products */,
				8824E7E0BE1A75443376DCB3 /* Pods */,
				9652E0514F4A8E390379C2FC /* Frameworks */,
			);
			sourceTree = "<group>";
		};
		288CE6CC2998A7EF006E2FE8 /* Products */ = {
			isa = PBXGroup;
			children = (
				288CE6CB2998A7EF006E2FE8 /* CoctailsApp.app */,
			);
			name = Products;
			sourceTree = "<group>";
		};
		288CE6CD2998A7EF006E2FE8 /* CoctailsApp */ = {
			isa = PBXGroup;
			children = (
				D49AD24329A3E1CC00FE7FCC /* GoogleService-Info.plist */,
				288CE6E22998A8A2006E2FE8 /* App */,
				D49EA2EA29A46300007C450A /* Extensions */,
				D49EA2EF29A46452007C450A /* Managers */,
				288CE6E32998A8D9006E2FE8 /* Resources */,
			);
			path = CoctailsApp;
			sourceTree = "<group>";
		};
		288CE6E22998A8A2006E2FE8 /* App */ = {
			isa = PBXGroup;
			children = (
				288CE6CE2998A7EF006E2FE8 /* AppDelegate.swift */,
				288CE6D02998A7EF006E2FE8 /* SceneDelegate.swift */,
				D49EA2FF29A47684007C450A /* Constants */,
			);
			path = App;
			sourceTree = "<group>";
		};
		288CE6E32998A8D9006E2FE8 /* Resources */ = {
			isa = PBXGroup;
			children = (
				288CE6DC2998A7F1006E2FE8 /* Info.plist */,
				288CE6D92998A7F1006E2FE8 /* LaunchScreen.storyboard */,
				288CE6D72998A7F1006E2FE8 /* Assets.xcassets */,
			);
			path = Resources;
			sourceTree = "<group>";
		};
		28C4AE832998F2A7008299C3 /* CustomDetails */ = {
			isa = PBXGroup;
			children = (
				288CE6F22998ABC3006E2FE8 /* RatingCustomView.swift */,
				288CE6F02998ABAB006E2FE8 /* ReviewCustomView.swift */,
				28C4AE812998EDAD008299C3 /* AddProductCustomButton.swift */,
			);
			path = CustomDetails;
			sourceTree = "<group>";
		};
		28C4AE842998F2D7008299C3 /* Model */ = {
			isa = PBXGroup;
			children = (
				28C4AE852998F2F0008299C3 /* DTOs */,
				D49EA2FD29A46AA0007C450A /* View+Extension.swift */,
			);
			path = Model;
			sourceTree = "<group>";
		};
		28C4AE852998F2F0008299C3 /* DTOs */ = {
			isa = PBXGroup;
			children = (
				288CE6EC2998AAF6006E2FE8 /* DrinksDTO.swift */,
				D4972B5829A5BD0D00E95BD6 /* UserInfoDTO.swift */,
				D49B7A2A29A7B00300AFA3BA /* ChoosedForBasketDTO.swift */,
			);
			path = DTOs;
			sourceTree = "<group>";
		};
		28C4AE862998F2F7008299C3 /* NetworkManager */ = {
			isa = PBXGroup;
			children = (
				288CE6EE2998AB52006E2FE8 /* NetworkManager.swift */,
			);
			path = NetworkManager;
			sourceTree = "<group>";
		};
		28C4AE8A29991187008299C3 /* ProfilePage */ = {
			isa = PBXGroup;
			children = (
				288CE6E62998A9DF006E2FE8 /* ProfileViewController.swift */,
				28C4AE8B299911A2008299C3 /* ProfileViewModel.swift */,
			);
			path = ProfilePage;
			sourceTree = "<group>";
		};
		28C4AE8D299911B0008299C3 /* CocktailInfoPage */ = {
			isa = PBXGroup;
			children = (
				288CE6E82998A9FF006E2FE8 /* ChoosedCocktailViewController.swift */,
				28C4AE8E299911EA008299C3 /* CoctailsViewModel.swift */,
			);
			path = CocktailInfoPage;
			sourceTree = "<group>";
		};
		8824E7E0BE1A75443376DCB3 /* Pods */ = {
			isa = PBXGroup;
			children = (
				D3ADBEC4314104752136CBB9 /* Pods-CoctailsApp.debug.xcconfig */,
				554590F3EB0B8068FFB0FE7E /* Pods-CoctailsApp.release.xcconfig */,
			);
			path = Pods;
			sourceTree = "<group>";
		};
		9652E0514F4A8E390379C2FC /* Frameworks */ = {
			isa = PBXGroup;
			children = (
				F6CDF999D2F8E8F3015646B3 /* Pods_CoctailsApp.framework */,
			);
			name = Frameworks;
			sourceTree = "<group>";
		};
		D42D24C929A38FEF00008A81 /* UIImageResize */ = {
			isa = PBXGroup;
			children = (
				D42D24CA29A3900E00008A81 /* UIImageResize.swift */,
			);
			path = UIImageResize;
			sourceTree = "<group>";
		};
		D495D5C529A54F4900EFA606 /* Components */ = {
			isa = PBXGroup;
			children = (
				28C4AE832998F2A7008299C3 /* CustomDetails */,
			);
			path = Components;
			sourceTree = "<group>";
		};
		D49A3EAC29A1261000BF2DA8 /* UIColor */ = {
			isa = PBXGroup;
			children = (
				D49A35C2299DE2E800436BFF /* UIIColor.swift */,
			);
			path = UIColor;
			sourceTree = "<group>";
		};
		D49A3EAD29A13CA300BF2DA8 /* AuthServiceViewController */ = {
			isa = PBXGroup;
			children = (
				D49A3EAE29A13CCA00BF2DA8 /* AuthServiceViewController.swift */,
				D4972B5629A5A4C500E95BD6 /* AddNumberViewController.swift */,
			);
			path = AuthServiceViewController;
			sourceTree = "<group>";
		};
		D49B7A3F29A8333700AFA3BA /* CartBasketViewController */ = {
			isa = PBXGroup;
			children = (
				D49B7A4029A8335600AFA3BA /* BasketChoosedModel.swift */,
				D49B7A4229A8337D00AFA3BA /* BasketChoosedViewController.swift */,
				D49B7A4429A8339300AFA3BA /* BaskedChoosedTableViewCell.swift */,
				D49B7A4629A833F000AFA3BA /* BasketChShoppingViewController.swift */,
				D49B7A4829A8341000AFA3BA /* BasketChShoppingCell.swift */,
				D49B7A4A29A8342000AFA3BA /* BasketChPriceLabel.swift */,
			);
			path = CartBasketViewController;
			sourceTree = "<group>";
		};
		D49BE03729A1A00D00680AAE /* UserDefaultManager */ = {
			isa = PBXGroup;
			children = (
				D42D24C529A1CDB800008A81 /* UserDefaultManager.swift */,
			);
			name = UserDefaultManager;
			sourceTree = "<group>";
		};
		D49BE03A29A1ADD800680AAE /* KeyChainManager */ = {
			isa = PBXGroup;
			children = (
				D49EA2FB29A4698F007C450A /* KeyChainManager.swift */,
			);
			path = KeyChainManager;
			sourceTree = "<group>";
		};
		D49C538129A721EE005C6E09 /* BasketWorkFlow */ = {
			isa = PBXGroup;
			children = (
				D4A8670729A91B6F009BC639 /* BasketViewController */,
				D49B7A3F29A8333700AFA3BA /* CartBasketViewController */,
			);
			path = BasketWorkFlow;
			sourceTree = "<group>";
		};
		D49C538429A727DE005C6E09 /* StepperView */ = {
			isa = PBXGroup;
			children = (
				D49C538529A727F8005C6E09 /* StepperView.swift */,
			);
			path = StepperView;
			sourceTree = "<group>";
		};
		D49DFF7829A754A800CF65A4 /* AuthorizedProfile */ = {
			isa = PBXGroup;
			children = (
				D49DFF7929A754CB00CF65A4 /* AuthorizedProfileVC.swift */,
			);
			path = AuthorizedProfile;
			sourceTree = "<group>";
		};
		D49DFF7B29A75B0200CF65A4 /* MenuCollectionViewCell */ = {
			isa = PBXGroup;
			children = (
				288CE6EA2998AAC1006E2FE8 /* MenuCollectionViewCell.swift */,
			);
			path = MenuCollectionViewCell;
			sourceTree = "<group>";
		};
		D49DFF7C29A75B1900CF65A4 /* BasketCollectionViewCell */ = {
			isa = PBXGroup;
			children = (
				D49DFF7D29A75B4900CF65A4 /* BasketCollectionViewCell.swift */,
			);
			path = BasketCollectionViewCell;
			sourceTree = "<group>";
		};
		D49EA2EA29A46300007C450A /* Extensions */ = {
			isa = PBXGroup;
			children = (
				D42D24C929A38FEF00008A81 /* UIImageResize */,
			);
			path = Extensions;
			sourceTree = "<group>";
		};
		D49EA2EF29A46452007C450A /* Managers */ = {
			isa = PBXGroup;
			children = (
				D4A15D9229A8FF8600DADC57 /* CoreDataModel */,
				D49EA30429A5324A007C450A /* DatabaseManager */,
				D49BE03729A1A00D00680AAE /* UserDefaultManager */,
				D49BE03A29A1ADD800680AAE /* KeyChainManager */,
				28C4AE862998F2F7008299C3 /* NetworkManager */,
				D49EA2F029A464C1007C450A /* AuthManager */,
				D49EA2F229A465A8007C450A /* Modules */,
			);
			name = Managers;
			path = UserDefaultManager;
			sourceTree = "<group>";
		};
		D49EA2F029A464C1007C450A /* AuthManager */ = {
			isa = PBXGroup;
			children = (
				D49EA30229A48B56007C450A /* AuthManager.swift */,
			);
			path = AuthManager;
			sourceTree = "<group>";
		};
		D49EA2F229A465A8007C450A /* Modules */ = {
			isa = PBXGroup;
			children = (
				D49EA2F329A46633007C450A /* MainModule */,
			);
			path = Modules;
			sourceTree = "<group>";
		};
		D49EA2F329A46633007C450A /* MainModule */ = {
			isa = PBXGroup;
			children = (
				D49EA2F429A46650007C450A /* WorkFlows */,
			);
			path = MainModule;
			sourceTree = "<group>";
		};
		D49EA2F429A46650007C450A /* WorkFlows */ = {
			isa = PBXGroup;
			children = (
				D49DFF7829A754A800CF65A4 /* AuthorizedProfile */,
				D49C538129A721EE005C6E09 /* BasketWorkFlow */,
				D49EA2FA29A468F4007C450A /* ProfilePageworkFlow */,
				D49EA2F629A4675D007C450A /* MainPageWorkFlow */,
			);
			path = WorkFlows;
			sourceTree = "<group>";
		};
		D49EA2F529A4667E007C450A /* MainTabBarController */ = {
			isa = PBXGroup;
			children = (
				288CE6E42998A95B006E2FE8 /* CocktailsTabBarController.swift */,
			);
			path = MainTabBarController;
			sourceTree = "<group>";
		};
		D49EA2F629A4675D007C450A /* MainPageWorkFlow */ = {
			isa = PBXGroup;
			children = (
				D49EA2F829A467F2007C450A /* MainView */,
				D49EA2F929A46838007C450A /* MainViewModel */,
				D49EA2F729A4679B007C450A /* Components */,
			);
			path = MainPageWorkFlow;
			sourceTree = "<group>";
		};
		D49EA2F729A4679B007C450A /* Components */ = {
			isa = PBXGroup;
			children = (
				D49DFF7C29A75B1900CF65A4 /* BasketCollectionViewCell */,
				D49DFF7B29A75B0200CF65A4 /* MenuCollectionViewCell */,
				D49C538429A727DE005C6E09 /* StepperView */,
				D49EA2F529A4667E007C450A /* MainTabBarController */,
			);
			path = Components;
			sourceTree = "<group>";
		};
		D49EA2F829A467F2007C450A /* MainView */ = {
			isa = PBXGroup;
			children = (
				288CE6D22998A7EF006E2FE8 /* CoctailsMenuViewController.swift */,
			);
			path = MainView;
			sourceTree = "<group>";
		};
		D49EA2F929A46838007C450A /* MainViewModel */ = {
			isa = PBXGroup;
			children = (
				28C4AE8829991180008299C3 /* CoctailsMenuViewModel.swift */,
			);
			path = MainViewModel;
			sourceTree = "<group>";
		};
		D49EA2FA29A468F4007C450A /* ProfilePageworkFlow */ = {
			isa = PBXGroup;
			children = (
				D495D5C529A54F4900EFA606 /* Components */,
				28C4AE842998F2D7008299C3 /* Model */,
				D49A3EAD29A13CA300BF2DA8 /* AuthServiceViewController */,
				28C4AE8D299911B0008299C3 /* CocktailInfoPage */,
				28C4AE8A29991187008299C3 /* ProfilePage */,
			);
			path = ProfilePageworkFlow;
			sourceTree = "<group>";
		};
		D49EA2FF29A47684007C450A /* Constants */ = {
			isa = PBXGroup;
			children = (
				D49A3EAC29A1261000BF2DA8 /* UIColor */,
				D49EA30029A476B8007C450A /* Constants.swift */,
			);
			path = Constants;
			sourceTree = "<group>";
		};
		D49EA30429A5324A007C450A /* DatabaseManager */ = {
			isa = PBXGroup;
			children = (
				D49EA30529A5326E007C450A /* DatabaseManager.swift */,
			);
			path = DatabaseManager;
			sourceTree = "<group>";
		};
		D4A15D9229A8FF8600DADC57 /* CoreDataModel */ = {
			isa = PBXGroup;
			children = (
				D4A866F929A900FF009BC639 /* CocktailsDataModel.xcdatamodeld */,
				D4A8670029A90605009BC639 /* Cocktails+CoreDataClass.swift */,
				D4A8670129A90605009BC639 /* Cocktails+CoreDataProperties.swift */,
				D4A8670429A90898009BC639 /* CoreDataStack.swift */,
			);
			path = CoreDataModel;
			sourceTree = "<group>";
		};
		D4A8670729A91B6F009BC639 /* BasketViewController */ = {
			isa = PBXGroup;
			children = (
				D49C538229A7221C005C6E09 /* BasketViewController.swift */,
			);
			path = BasketViewController;
			sourceTree = "<group>";
		};
/* End PBXGroup section */

/* Begin PBXNativeTarget section */
		288CE6CA2998A7EF006E2FE8 /* CoctailsApp */ = {
			isa = PBXNativeTarget;
			buildConfigurationList = 288CE6DF2998A7F1006E2FE8 /* Build configuration list for PBXNativeTarget "CoctailsApp" */;
			buildPhases = (
				7DEF466052ACDC9B4E672FC0 /* [CP] Check Pods Manifest.lock */,
				288CE6C72998A7EF006E2FE8 /* Sources */,
				288CE6C82998A7EF006E2FE8 /* Frameworks */,
				288CE6C92998A7EF006E2FE8 /* Resources */,
				42603902D5C2447644594322 /* [CP] Embed Pods Frameworks */,
			);
			buildRules = (
			);
			dependencies = (
			);
			name = CoctailsApp;
			productName = CoctailsApp;
			productReference = 288CE6CB2998A7EF006E2FE8 /* CoctailsApp.app */;
			productType = "com.apple.product-type.application";
		};
/* End PBXNativeTarget section */

/* Begin PBXProject section */
		288CE6C32998A7EF006E2FE8 /* Project object */ = {
			isa = PBXProject;
			attributes = {
				BuildIndependentTargetsInParallel = 1;
				LastSwiftUpdateCheck = 1420;
				LastUpgradeCheck = 1420;
				TargetAttributes = {
					288CE6CA2998A7EF006E2FE8 = {
						CreatedOnToolsVersion = 14.2;
					};
				};
			};
			buildConfigurationList = 288CE6C62998A7EF006E2FE8 /* Build configuration list for PBXProject "CoctailsApp" */;
			compatibilityVersion = "Xcode 13.0";
			developmentRegion = en;
			hasScannedForEncodings = 0;
			knownRegions = (
				en,
				Base,
			);
			mainGroup = 288CE6C22998A7EF006E2FE8;
			productRefGroup = 288CE6CC2998A7EF006E2FE8 /* Products */;
			projectDirPath = "";
			projectRoot = "";
			targets = (
				288CE6CA2998A7EF006E2FE8 /* CoctailsApp */,
			);
		};
/* End PBXProject section */

/* Begin PBXResourcesBuildPhase section */
		288CE6C92998A7EF006E2FE8 /* Resources */ = {
			isa = PBXResourcesBuildPhase;
			buildActionMask = 2147483647;
			files = (
				288CE6DB2998A7F1006E2FE8 /* LaunchScreen.storyboard in Resources */,
				D49AD24429A3E1CC00FE7FCC /* GoogleService-Info.plist in Resources */,
				288CE6D82998A7F1006E2FE8 /* Assets.xcassets in Resources */,
			);
			runOnlyForDeploymentPostprocessing = 0;
		};
/* End PBXResourcesBuildPhase section */

/* Begin PBXShellScriptBuildPhase section */
		42603902D5C2447644594322 /* [CP] Embed Pods Frameworks */ = {
			isa = PBXShellScriptBuildPhase;
			buildActionMask = 2147483647;
			files = (
			);
			inputFileListPaths = (
				"${PODS_ROOT}/Target Support Files/Pods-CoctailsApp/Pods-CoctailsApp-frameworks-${CONFIGURATION}-input-files.xcfilelist",
			);
			name = "[CP] Embed Pods Frameworks";
			outputFileListPaths = (
				"${PODS_ROOT}/Target Support Files/Pods-CoctailsApp/Pods-CoctailsApp-frameworks-${CONFIGURATION}-output-files.xcfilelist",
			);
			runOnlyForDeploymentPostprocessing = 0;
			shellPath = /bin/sh;
			shellScript = "\"${PODS_ROOT}/Target Support Files/Pods-CoctailsApp/Pods-CoctailsApp-frameworks.sh\"\n";
			showEnvVarsInLog = 0;
		};
		7DEF466052ACDC9B4E672FC0 /* [CP] Check Pods Manifest.lock */ = {
			isa = PBXShellScriptBuildPhase;
			buildActionMask = 2147483647;
			files = (
			);
			inputFileListPaths = (
			);
			inputPaths = (
				"${PODS_PODFILE_DIR_PATH}/Podfile.lock",
				"${PODS_ROOT}/Manifest.lock",
			);
			name = "[CP] Check Pods Manifest.lock";
			outputFileListPaths = (
			);
			outputPaths = (
				"$(DERIVED_FILE_DIR)/Pods-CoctailsApp-checkManifestLockResult.txt",
			);
			runOnlyForDeploymentPostprocessing = 0;
			shellPath = /bin/sh;
			shellScript = "diff \"${PODS_PODFILE_DIR_PATH}/Podfile.lock\" \"${PODS_ROOT}/Manifest.lock\" > /dev/null\nif [ $? != 0 ] ; then\n    # print error to STDERR\n    echo \"error: The sandbox is not in sync with the Podfile.lock. Run 'pod install' or update your CocoaPods installation.\" >&2\n    exit 1\nfi\n# This output is used by Xcode 'outputs' to avoid re-running this script phase.\necho \"SUCCESS\" > \"${SCRIPT_OUTPUT_FILE_0}\"\n";
			showEnvVarsInLog = 0;
		};
/* End PBXShellScriptBuildPhase section */

/* Begin PBXSourcesBuildPhase section */
		288CE6C72998A7EF006E2FE8 /* Sources */ = {
			isa = PBXSourcesBuildPhase;
			buildActionMask = 2147483647;
			files = (
				D49B7A4B29A8342100AFA3BA /* BasketChPriceLabel.swift in Sources */,
				288CE6EF2998AB52006E2FE8 /* NetworkManager.swift in Sources */,
				D49C538329A7221C005C6E09 /* BasketViewController.swift in Sources */,
				D49C538629A727F8005C6E09 /* StepperView.swift in Sources */,
				D49EA30329A48B56007C450A /* AuthManager.swift in Sources */,
				28C4AE8F299911EA008299C3 /* CoctailsViewModel.swift in Sources */,
				288CE6E92998A9FF006E2FE8 /* ChoosedCocktailViewController.swift in Sources */,
				288CE6EB2998AAC1006E2FE8 /* MenuCollectionViewCell.swift in Sources */,
				288CE6ED2998AAF6006E2FE8 /* DrinksDTO.swift in Sources */,
				D49B7A4729A833F000AFA3BA /* BasketChShoppingViewController.swift in Sources */,
				D49B7A4529A8339300AFA3BA /* BaskedChoosedTableViewCell.swift in Sources */,
				D49A35C3299DE2E800436BFF /* UIIColor.swift in Sources */,
				D49EA30629A5326E007C450A /* DatabaseManager.swift in Sources */,
				D49EA30129A476B8007C450A /* Constants.swift in Sources */,
				288CE6D32998A7EF006E2FE8 /* CoctailsMenuViewController.swift in Sources */,
				28C4AE8929991180008299C3 /* CoctailsMenuViewModel.swift in Sources */,
				D4972B5729A5A4C500E95BD6 /* AddNumberViewController.swift in Sources */,
				28C4AE8C299911A2008299C3 /* ProfileViewModel.swift in Sources */,
				288CE6F12998ABAB006E2FE8 /* ReviewCustomView.swift in Sources */,
				D4972B5929A5BD0D00E95BD6 /* UserInfoDTO.swift in Sources */,
				D4A8670229A90605009BC639 /* Cocktails+CoreDataClass.swift in Sources */,
				288CE6E52998A95B006E2FE8 /* CocktailsTabBarController.swift in Sources */,
				288CE6E72998A9DF006E2FE8 /* ProfileViewController.swift in Sources */,
				28C4AE822998EDAD008299C3 /* AddProductCustomButton.swift in Sources */,
				D42D24C629A1CDB800008A81 /* UserDefaultManager.swift in Sources */,
				288CE6CF2998A7EF006E2FE8 /* AppDelegate.swift in Sources */,
				D49B7A4129A8335600AFA3BA /* BasketChoosedModel.swift in Sources */,
				D49DFF7A29A754CB00CF65A4 /* AuthorizedProfileVC.swift in Sources */,
				D4A8670529A90898009BC639 /* CoreDataStack.swift in Sources */,
				D49A3EAF29A13CCA00BF2DA8 /* AuthServiceViewController.swift in Sources */,
				D49B7A2B29A7B00300AFA3BA /* ChoosedForBasketDTO.swift in Sources */,
				D4A866FB29A900FF009BC639 /* CocktailsDataModel.xcdatamodeld in Sources */,
				288CE6D12998A7EF006E2FE8 /* SceneDelegate.swift in Sources */,
				D49B7A4929A8341000AFA3BA /* BasketChShoppingCell.swift in Sources */,
				D49DFF7E29A75B4900CF65A4 /* BasketCollectionViewCell.swift in Sources */,
				D49EA2FE29A46AA0007C450A /* View+Extension.swift in Sources */,
				D4A8670329A90605009BC639 /* Cocktails+CoreDataProperties.swift in Sources */,
				D49B7A4329A8337D00AFA3BA /* BasketChoosedViewController.swift in Sources */,
				D42D24CB29A3900E00008A81 /* UIImageResize.swift in Sources */,
				D49EA2FC29A4698F007C450A /* KeyChainManager.swift in Sources */,
				288CE6F32998ABC3006E2FE8 /* RatingCustomView.swift in Sources */,
			);
			runOnlyForDeploymentPostprocessing = 0;
		};
/* End PBXSourcesBuildPhase section */

/* Begin PBXVariantGroup section */
		288CE6D92998A7F1006E2FE8 /* LaunchScreen.storyboard */ = {
			isa = PBXVariantGroup;
			children = (
				288CE6DA2998A7F1006E2FE8 /* Base */,
			);
			name = LaunchScreen.storyboard;
			sourceTree = "<group>";
		};
/* End PBXVariantGroup section */

/* Begin XCBuildConfiguration section */
		288CE6DD2998A7F1006E2FE8 /* Debug */ = {
			isa = XCBuildConfiguration;
			buildSettings = {
				ALWAYS_SEARCH_USER_PATHS = NO;
				CLANG_ANALYZER_NONNULL = YES;
				CLANG_ANALYZER_NUMBER_OBJECT_CONVERSION = YES_AGGRESSIVE;
				CLANG_CXX_LANGUAGE_STANDARD = "gnu++20";
				CLANG_ENABLE_MODULES = YES;
				CLANG_ENABLE_OBJC_ARC = YES;
				CLANG_ENABLE_OBJC_WEAK = YES;
				CLANG_WARN_BLOCK_CAPTURE_AUTORELEASING = YES;
				CLANG_WARN_BOOL_CONVERSION = YES;
				CLANG_WARN_COMMA = YES;
				CLANG_WARN_CONSTANT_CONVERSION = YES;
				CLANG_WARN_DEPRECATED_OBJC_IMPLEMENTATIONS = YES;
				CLANG_WARN_DIRECT_OBJC_ISA_USAGE = YES_ERROR;
				CLANG_WARN_DOCUMENTATION_COMMENTS = YES;
				CLANG_WARN_EMPTY_BODY = YES;
				CLANG_WARN_ENUM_CONVERSION = YES;
				CLANG_WARN_INFINITE_RECURSION = YES;
				CLANG_WARN_INT_CONVERSION = YES;
				CLANG_WARN_NON_LITERAL_NULL_CONVERSION = YES;
				CLANG_WARN_OBJC_IMPLICIT_RETAIN_SELF = YES;
				CLANG_WARN_OBJC_LITERAL_CONVERSION = YES;
				CLANG_WARN_OBJC_ROOT_CLASS = YES_ERROR;
				CLANG_WARN_QUOTED_INCLUDE_IN_FRAMEWORK_HEADER = YES;
				CLANG_WARN_RANGE_LOOP_ANALYSIS = YES;
				CLANG_WARN_STRICT_PROTOTYPES = YES;
				CLANG_WARN_SUSPICIOUS_MOVE = YES;
				CLANG_WARN_UNGUARDED_AVAILABILITY = YES_AGGRESSIVE;
				CLANG_WARN_UNREACHABLE_CODE = YES;
				CLANG_WARN__DUPLICATE_METHOD_MATCH = YES;
				COPY_PHASE_STRIP = NO;
				DEBUG_INFORMATION_FORMAT = dwarf;
				ENABLE_STRICT_OBJC_MSGSEND = YES;
				ENABLE_TESTABILITY = YES;
				GCC_C_LANGUAGE_STANDARD = gnu11;
				GCC_DYNAMIC_NO_PIC = NO;
				GCC_NO_COMMON_BLOCKS = YES;
				GCC_OPTIMIZATION_LEVEL = 0;
				GCC_PREPROCESSOR_DEFINITIONS = (
					"DEBUG=1",
					"$(inherited)",
				);
				GCC_WARN_64_TO_32_BIT_CONVERSION = YES;
				GCC_WARN_ABOUT_RETURN_TYPE = YES_ERROR;
				GCC_WARN_UNDECLARED_SELECTOR = YES;
				GCC_WARN_UNINITIALIZED_AUTOS = YES_AGGRESSIVE;
				GCC_WARN_UNUSED_FUNCTION = YES;
				GCC_WARN_UNUSED_VARIABLE = YES;
				IPHONEOS_DEPLOYMENT_TARGET = 16.2;
				MTL_ENABLE_DEBUG_INFO = INCLUDE_SOURCE;
				MTL_FAST_MATH = YES;
				ONLY_ACTIVE_ARCH = YES;
				SDKROOT = iphoneos;
				SWIFT_ACTIVE_COMPILATION_CONDITIONS = DEBUG;
				SWIFT_OPTIMIZATION_LEVEL = "-Onone";
			};
			name = Debug;
		};
		288CE6DE2998A7F1006E2FE8 /* Release */ = {
			isa = XCBuildConfiguration;
			buildSettings = {
				ALWAYS_SEARCH_USER_PATHS = NO;
				CLANG_ANALYZER_NONNULL = YES;
				CLANG_ANALYZER_NUMBER_OBJECT_CONVERSION = YES_AGGRESSIVE;
				CLANG_CXX_LANGUAGE_STANDARD = "gnu++20";
				CLANG_ENABLE_MODULES = YES;
				CLANG_ENABLE_OBJC_ARC = YES;
				CLANG_ENABLE_OBJC_WEAK = YES;
				CLANG_WARN_BLOCK_CAPTURE_AUTORELEASING = YES;
				CLANG_WARN_BOOL_CONVERSION = YES;
				CLANG_WARN_COMMA = YES;
				CLANG_WARN_CONSTANT_CONVERSION = YES;
				CLANG_WARN_DEPRECATED_OBJC_IMPLEMENTATIONS = YES;
				CLANG_WARN_DIRECT_OBJC_ISA_USAGE = YES_ERROR;
				CLANG_WARN_DOCUMENTATION_COMMENTS = YES;
				CLANG_WARN_EMPTY_BODY = YES;
				CLANG_WARN_ENUM_CONVERSION = YES;
				CLANG_WARN_INFINITE_RECURSION = YES;
				CLANG_WARN_INT_CONVERSION = YES;
				CLANG_WARN_NON_LITERAL_NULL_CONVERSION = YES;
				CLANG_WARN_OBJC_IMPLICIT_RETAIN_SELF = YES;
				CLANG_WARN_OBJC_LITERAL_CONVERSION = YES;
				CLANG_WARN_OBJC_ROOT_CLASS = YES_ERROR;
				CLANG_WARN_QUOTED_INCLUDE_IN_FRAMEWORK_HEADER = YES;
				CLANG_WARN_RANGE_LOOP_ANALYSIS = YES;
				CLANG_WARN_STRICT_PROTOTYPES = YES;
				CLANG_WARN_SUSPICIOUS_MOVE = YES;
				CLANG_WARN_UNGUARDED_AVAILABILITY = YES_AGGRESSIVE;
				CLANG_WARN_UNREACHABLE_CODE = YES;
				CLANG_WARN__DUPLICATE_METHOD_MATCH = YES;
				COPY_PHASE_STRIP = NO;
				DEBUG_INFORMATION_FORMAT = "dwarf-with-dsym";
				ENABLE_NS_ASSERTIONS = NO;
				ENABLE_STRICT_OBJC_MSGSEND = YES;
				GCC_C_LANGUAGE_STANDARD = gnu11;
				GCC_NO_COMMON_BLOCKS = YES;
				GCC_WARN_64_TO_32_BIT_CONVERSION = YES;
				GCC_WARN_ABOUT_RETURN_TYPE = YES_ERROR;
				GCC_WARN_UNDECLARED_SELECTOR = YES;
				GCC_WARN_UNINITIALIZED_AUTOS = YES_AGGRESSIVE;
				GCC_WARN_UNUSED_FUNCTION = YES;
				GCC_WARN_UNUSED_VARIABLE = YES;
				IPHONEOS_DEPLOYMENT_TARGET = 16.2;
				MTL_ENABLE_DEBUG_INFO = NO;
				MTL_FAST_MATH = YES;
				SDKROOT = iphoneos;
				SWIFT_COMPILATION_MODE = wholemodule;
				SWIFT_OPTIMIZATION_LEVEL = "-O";
				VALIDATE_PRODUCT = YES;
			};
			name = Release;
		};
		288CE6E02998A7F1006E2FE8 /* Debug */ = {
			isa = XCBuildConfiguration;
			baseConfigurationReference = D3ADBEC4314104752136CBB9 /* Pods-CoctailsApp.debug.xcconfig */;
			buildSettings = {
				ASSETCATALOG_COMPILER_APPICON_NAME = AppIcon;
				ASSETCATALOG_COMPILER_GLOBAL_ACCENT_COLOR_NAME = AccentColor;
				CODE_SIGN_STYLE = Automatic;
				CURRENT_PROJECT_VERSION = 1;
				DEVELOPMENT_TEAM = K9J4W59S3Q;
				GENERATE_INFOPLIST_FILE = YES;
				INFOPLIST_FILE = CoctailsApp/Resources/Info.plist;
				INFOPLIST_KEY_UIApplicationSupportsIndirectInputEvents = YES;
				INFOPLIST_KEY_UILaunchStoryboardName = LaunchScreen;
				INFOPLIST_KEY_UISupportedInterfaceOrientations_iPad = "UIInterfaceOrientationPortrait UIInterfaceOrientationPortraitUpsideDown UIInterfaceOrientationLandscapeLeft UIInterfaceOrientationLandscapeRight";
				INFOPLIST_KEY_UISupportedInterfaceOrientations_iPhone = "UIInterfaceOrientationPortrait UIInterfaceOrientationLandscapeLeft UIInterfaceOrientationLandscapeRight";
				LD_RUNPATH_SEARCH_PATHS = (
					"$(inherited)",
					"@executable_path/Frameworks",
				);
				MARKETING_VERSION = 1.0;
				PRODUCT_BUNDLE_IDENTIFIER = edu.CoctailsApp;
				PRODUCT_NAME = "$(TARGET_NAME)";
				SWIFT_EMIT_LOC_STRINGS = YES;
				SWIFT_VERSION = 5.0;
				TARGETED_DEVICE_FAMILY = "1,2";
			};
			name = Debug;
		};
		288CE6E12998A7F1006E2FE8 /* Release */ = {
			isa = XCBuildConfiguration;
			baseConfigurationReference = 554590F3EB0B8068FFB0FE7E /* Pods-CoctailsApp.release.xcconfig */;
			buildSettings = {
				ASSETCATALOG_COMPILER_APPICON_NAME = AppIcon;
				ASSETCATALOG_COMPILER_GLOBAL_ACCENT_COLOR_NAME = AccentColor;
				CODE_SIGN_STYLE = Automatic;
				CURRENT_PROJECT_VERSION = 1;
				DEVELOPMENT_TEAM = K9J4W59S3Q;
				GENERATE_INFOPLIST_FILE = YES;
				INFOPLIST_FILE = CoctailsApp/Resources/Info.plist;
				INFOPLIST_KEY_UIApplicationSupportsIndirectInputEvents = YES;
				INFOPLIST_KEY_UILaunchStoryboardName = LaunchScreen;
				INFOPLIST_KEY_UISupportedInterfaceOrientations_iPad = "UIInterfaceOrientationPortrait UIInterfaceOrientationPortraitUpsideDown UIInterfaceOrientationLandscapeLeft UIInterfaceOrientationLandscapeRight";
				INFOPLIST_KEY_UISupportedInterfaceOrientations_iPhone = "UIInterfaceOrientationPortrait UIInterfaceOrientationLandscapeLeft UIInterfaceOrientationLandscapeRight";
				LD_RUNPATH_SEARCH_PATHS = (
					"$(inherited)",
					"@executable_path/Frameworks",
				);
				MARKETING_VERSION = 1.0;
				PRODUCT_BUNDLE_IDENTIFIER = edu.CoctailsApp;
				PRODUCT_NAME = "$(TARGET_NAME)";
				SWIFT_EMIT_LOC_STRINGS = YES;
				SWIFT_VERSION = 5.0;
				TARGETED_DEVICE_FAMILY = "1,2";
			};
			name = Release;
		};
/* End XCBuildConfiguration section */

/* Begin XCConfigurationList section */
		288CE6C62998A7EF006E2FE8 /* Build configuration list for PBXProject "CoctailsApp" */ = {
			isa = XCConfigurationList;
			buildConfigurations = (
				288CE6DD2998A7F1006E2FE8 /* Debug */,
				288CE6DE2998A7F1006E2FE8 /* Release */,
			);
			defaultConfigurationIsVisible = 0;
			defaultConfigurationName = Release;
		};
		288CE6DF2998A7F1006E2FE8 /* Build configuration list for PBXNativeTarget "CoctailsApp" */ = {
			isa = XCConfigurationList;
			buildConfigurations = (
				288CE6E02998A7F1006E2FE8 /* Debug */,
				288CE6E12998A7F1006E2FE8 /* Release */,
			);
			defaultConfigurationIsVisible = 0;
			defaultConfigurationName = Release;
		};
/* End XCConfigurationList section */

/* Begin XCVersionGroup section */
		D4A866F929A900FF009BC639 /* CocktailsDataModel.xcdatamodeld */ = {
			isa = XCVersionGroup;
			children = (
				D4A866FA29A900FF009BC639 /* CocktailsDataModel.xcdatamodel */,
			);
			currentVersion = D4A866FA29A900FF009BC639 /* CocktailsDataModel.xcdatamodel */;
			path = CocktailsDataModel.xcdatamodeld;
			sourceTree = "<group>";
			versionGroupType = wrapper.xcdatamodel;
		};
/* End XCVersionGroup section */
	};
	rootObject = 288CE6C32998A7EF006E2FE8 /* Project object */;
}
